# This file is automatically @generated by Cargo.
# It is not intended for manual editing.
version = 4

[[package]]
name = "kernel"
version = "0.1.0"
dependencies = [
 "limine",
]

[[package]]
name = "limine"
version = "0.6.3"
source = "git+https://github.com/jasondyoungberg/limine-rs.git?branch=0.6.x#6745598851e7239c4fdcfeff8ff734282c3b6438"
